
Microsoft Visual Studio Solution File, Format Version 12.00
Project("{2150E333-8FDC-42A3-9474-1A3956D46DE8}") = "BookingService", "BookingService", "{6BF14554-3D6F-4284-AC48-4F1CF5DDD505}"
EndProject
Project("{2150E333-8FDC-42A3-9474-1A3956D46DE8}") = "PaymentService", "PaymentService", "{316F6F05-44DA-4B22-B51A-B4EC09590C58}"
EndProject
Project("{2150E333-8FDC-42A3-9474-1A3956D46DE8}") = "Core", "Core", "{0B74C95A-F995-4F1A-870C-2970133AFBE4}"
EndProject
Project("{2150E333-8FDC-42A3-9474-1A3956D46DE8}") = "Application", "Application", "{73AB276C-4AFA-4A5A-B4DF-587722518A31}"
EndProject
Project("{2150E333-8FDC-42A3-9474-1A3956D46DE8}") = "Adapters", "Adapters", "{9527931B-B695-4837-BAF7-F02CE466D90F}"
EndProject
Project("{2150E333-8FDC-42A3-9474-1A3956D46DE8}") = "Consumers", "Consumers", "{D047BEAE-8661-4C9E-AFB5-129197638CF2}"
EndProject
Project("{2150E333-8FDC-42A3-9474-1A3956D46DE8}") = "Tests", "Tests", "{08BD1F84-0823-4F81-BEC4-66913D7F17CF}"
EndProject
Project("{2150E333-8FDC-42A3-9474-1A3956D46DE8}") = "Domain", "Domain", "{7FE11642-173C-4ABF-853A-5D12A337409D}"
EndProject
Project("{2150E333-8FDC-42A3-9474-1A3956D46DE8}") = "Domain", "Domain", "{B6709D6E-1B41-4268-A881-700EC3D7C4A8}"
EndProject
Project("{2150E333-8FDC-42A3-9474-1A3956D46DE8}") = "Application", "Application", "{2093EC0D-3D21-4C83-82FD-8EA82A12E262}"
EndProject
Project("{2150E333-8FDC-42A3-9474-1A3956D46DE8}") = "Adapters", "Adapters", "{814BC4DE-8FEB-41F6-8E7C-16E242D5825F}"
EndProject
Project("{FAE04EC0-301F-11D3-BF4B-00C04F79EFBC}") = "DomainTests", "BookingService\Tests\Domain\DomainTests\DomainTests.csproj", "{F2470EEF-1643-479A-9B29-A26F2C41C43B}"
EndProject
Project("{FAE04EC0-301F-11D3-BF4B-00C04F79EFBC}") = "ApplicationTests", "BookingService\Tests\Application\ApplicationTests\ApplicationTests.csproj", "{8881E5EA-2407-427D-9B9F-944B7AB95699}"
EndProject
Project("{FAE04EC0-301F-11D3-BF4B-00C04F79EFBC}") = "AdaptersTests", "BookingService\Tests\Adapters\AdaptersTests\AdaptersTests.csproj", "{24215A02-37E8-49AF-AD3C-2AD184121A11}"
EndProject
Project("{FAE04EC0-301F-11D3-BF4B-00C04F79EFBC}") = "API", "BookingService\Consumers\API\API.csproj", "{70BD546F-BB1F-4915-8211-E67AA2318C37}"
EndProject
Project("{FAE04EC0-301F-11D3-BF4B-00C04F79EFBC}") = "Data", "BookingService\Adapters\Data\Data.csproj", "{EB71F8ED-E892-488D-9953-FF5286592DA6}"
EndProject
Project("{FAE04EC0-301F-11D3-BF4B-00C04F79EFBC}") = "Domain", "BookingService\Core\Domain\Domain\Domain.csproj", "{5B6494F0-0DA2-49D1-BA7D-BEE99E712CFB}"
EndProject
Project("{FAE04EC0-301F-11D3-BF4B-00C04F79EFBC}") = "Payment.Application", "BookingService\Core\Application\Payment.Application\Payment.Application.csproj", "{E9BBDAD6-684A-4E31-8539-37754AEE993A}"
EndProject
Project("{2150E333-8FDC-42A3-9474-1A3956D46DE8}") = "Core", "Core", "{D2C39E44-C7A0-497B-ACED-CA1E265EFCAC}"
EndProject
Project("{2150E333-8FDC-42A3-9474-1A3956D46DE8}") = "Application", "Application", "{2589E519-72A0-4BD8-B731-38BF27A99B34}"
EndProject
Project("{2150E333-8FDC-42A3-9474-1A3956D46DE8}") = "Domain", "Domain", "{1121A6D1-29B5-446B-8031-269BB046675B}"
EndProject
Project("{FAE04EC0-301F-11D3-BF4B-00C04F79EFBC}") = "Application", "PaymentService\Core\Application\Application\Application.csproj", "{2D9081A4-F567-4D44-8481-322F31804C70}"
EndProject
Global
	GlobalSection(SolutionConfigurationPlatforms) = preSolution
		Debug|Any CPU = Debug|Any CPU
		Release|Any CPU = Release|Any CPU
	EndGlobalSection
	GlobalSection(NestedProjects) = preSolution
		{0B74C95A-F995-4F1A-870C-2970133AFBE4} = {6BF14554-3D6F-4284-AC48-4F1CF5DDD505}
		{73AB276C-4AFA-4A5A-B4DF-587722518A31} = {0B74C95A-F995-4F1A-870C-2970133AFBE4}
		{9527931B-B695-4837-BAF7-F02CE466D90F} = {6BF14554-3D6F-4284-AC48-4F1CF5DDD505}
		{D047BEAE-8661-4C9E-AFB5-129197638CF2} = {6BF14554-3D6F-4284-AC48-4F1CF5DDD505}
		{08BD1F84-0823-4F81-BEC4-66913D7F17CF} = {6BF14554-3D6F-4284-AC48-4F1CF5DDD505}
		{7FE11642-173C-4ABF-853A-5D12A337409D} = {0B74C95A-F995-4F1A-870C-2970133AFBE4}
		{B6709D6E-1B41-4268-A881-700EC3D7C4A8} = {08BD1F84-0823-4F81-BEC4-66913D7F17CF}
		{2093EC0D-3D21-4C83-82FD-8EA82A12E262} = {08BD1F84-0823-4F81-BEC4-66913D7F17CF}
		{814BC4DE-8FEB-41F6-8E7C-16E242D5825F} = {08BD1F84-0823-4F81-BEC4-66913D7F17CF}
		{F2470EEF-1643-479A-9B29-A26F2C41C43B} = {B6709D6E-1B41-4268-A881-700EC3D7C4A8}
		{8881E5EA-2407-427D-9B9F-944B7AB95699} = {2093EC0D-3D21-4C83-82FD-8EA82A12E262}
		{24215A02-37E8-49AF-AD3C-2AD184121A11} = {814BC4DE-8FEB-41F6-8E7C-16E242D5825F}
		{70BD546F-BB1F-4915-8211-E67AA2318C37} = {D047BEAE-8661-4C9E-AFB5-129197638CF2}
		{EB71F8ED-E892-488D-9953-FF5286592DA6} = {9527931B-B695-4837-BAF7-F02CE466D90F}
		{5B6494F0-0DA2-49D1-BA7D-BEE99E712CFB} = {7FE11642-173C-4ABF-853A-5D12A337409D}
		{E9BBDAD6-684A-4E31-8539-37754AEE993A} = {73AB276C-4AFA-4A5A-B4DF-587722518A31}
		{D2C39E44-C7A0-497B-ACED-CA1E265EFCAC} = {316F6F05-44DA-4B22-B51A-B4EC09590C58}
		{2589E519-72A0-4BD8-B731-38BF27A99B34} = {D2C39E44-C7A0-497B-ACED-CA1E265EFCAC}
		{1121A6D1-29B5-446B-8031-269BB046675B} = {D2C39E44-C7A0-497B-ACED-CA1E265EFCAC}
		{2D9081A4-F567-4D44-8481-322F31804C70} = {2589E519-72A0-4BD8-B731-38BF27A99B34}
	EndGlobalSection
	GlobalSection(ProjectConfigurationPlatforms) = postSolution
		{F2470EEF-1643-479A-9B29-A26F2C41C43B}.Debug|Any CPU.ActiveCfg = Debug|Any CPU
		{F2470EEF-1643-479A-9B29-A26F2C41C43B}.Debug|Any CPU.Build.0 = Debug|Any CPU
		{F2470EEF-1643-479A-9B29-A26F2C41C43B}.Release|Any CPU.ActiveCfg = Release|Any CPU
		{F2470EEF-1643-479A-9B29-A26F2C41C43B}.Release|Any CPU.Build.0 = Release|Any CPU
		{8881E5EA-2407-427D-9B9F-944B7AB95699}.Debug|Any CPU.ActiveCfg = Debug|Any CPU
		{8881E5EA-2407-427D-9B9F-944B7AB95699}.Debug|Any CPU.Build.0 = Debug|Any CPU
		{8881E5EA-2407-427D-9B9F-944B7AB95699}.Release|Any CPU.ActiveCfg = Release|Any CPU
		{8881E5EA-2407-427D-9B9F-944B7AB95699}.Release|Any CPU.Build.0 = Release|Any CPU
		{24215A02-37E8-49AF-AD3C-2AD184121A11}.Debug|Any CPU.ActiveCfg = Debug|Any CPU
		{24215A02-37E8-49AF-AD3C-2AD184121A11}.Debug|Any CPU.Build.0 = Debug|Any CPU
		{24215A02-37E8-49AF-AD3C-2AD184121A11}.Release|Any CPU.ActiveCfg = Release|Any CPU
		{24215A02-37E8-49AF-AD3C-2AD184121A11}.Release|Any CPU.Build.0 = Release|Any CPU
		{70BD546F-BB1F-4915-8211-E67AA2318C37}.Debug|Any CPU.ActiveCfg = Debug|Any CPU
		{70BD546F-BB1F-4915-8211-E67AA2318C37}.Debug|Any CPU.Build.0 = Debug|Any CPU
		{70BD546F-BB1F-4915-8211-E67AA2318C37}.Release|Any CPU.ActiveCfg = Release|Any CPU
		{70BD546F-BB1F-4915-8211-E67AA2318C37}.Release|Any CPU.Build.0 = Release|Any CPU
		{EB71F8ED-E892-488D-9953-FF5286592DA6}.Debug|Any CPU.ActiveCfg = Debug|Any CPU
		{EB71F8ED-E892-488D-9953-FF5286592DA6}.Debug|Any CPU.Build.0 = Debug|Any CPU
		{EB71F8ED-E892-488D-9953-FF5286592DA6}.Release|Any CPU.ActiveCfg = Release|Any CPU
		{EB71F8ED-E892-488D-9953-FF5286592DA6}.Release|Any CPU.Build.0 = Release|Any CPU
		{5B6494F0-0DA2-49D1-BA7D-BEE99E712CFB}.Debug|Any CPU.ActiveCfg = Debug|Any CPU
		{5B6494F0-0DA2-49D1-BA7D-BEE99E712CFB}.Debug|Any CPU.Build.0 = Debug|Any CPU
		{5B6494F0-0DA2-49D1-BA7D-BEE99E712CFB}.Release|Any CPU.ActiveCfg = Release|Any CPU
		{5B6494F0-0DA2-49D1-BA7D-BEE99E712CFB}.Release|Any CPU.Build.0 = Release|Any CPU
		{E9BBDAD6-684A-4E31-8539-37754AEE993A}.Debug|Any CPU.ActiveCfg = Debug|Any CPU
		{E9BBDAD6-684A-4E31-8539-37754AEE993A}.Debug|Any CPU.Build.0 = Debug|Any CPU
		{E9BBDAD6-684A-4E31-8539-37754AEE993A}.Release|Any CPU.ActiveCfg = Release|Any CPU
		{E9BBDAD6-684A-4E31-8539-37754AEE993A}.Release|Any CPU.Build.0 = Release|Any CPU
		{2D9081A4-F567-4D44-8481-322F31804C70}.Debug|Any CPU.ActiveCfg = Debug|Any CPU
		{2D9081A4-F567-4D44-8481-322F31804C70}.Debug|Any CPU.Build.0 = Debug|Any CPU
		{2D9081A4-F567-4D44-8481-322F31804C70}.Release|Any CPU.ActiveCfg = Release|Any CPU
		{2D9081A4-F567-4D44-8481-322F31804C70}.Release|Any CPU.Build.0 = Release|Any CPU
	EndGlobalSection
EndGlobal
